
Microsoft Visual Studio Solution File, Format Version 12.00
# Visual Studio Version 17
VisualStudioVersion = 17.13.35806.99 d17.13
MinimumVisualStudioVersion = 10.0.40219.1
Project("{FAE04EC0-301F-11D3-BF4B-00C04F79EFBC}") = "Week5.3", "Week5.3\Week5.3.csproj", "{8E0B17A1-DEDA-40E8-8CAC-5294DB1FBE43}"
EndProject
Global
	GlobalSection(SolutionConfigurationPlatforms) = preSolution
		Debug|Any CPU = Debug|Any CPU
		Release|Any CPU = Release|Any CPU
	EndGlobalSection
	GlobalSection(ProjectConfigurationPlatforms) = postSolution
		{8E0B17A1-DEDA-40E8-8CAC-5294DB1FBE43}.Debug|Any CPU.ActiveCfg = Debug|Any CPU
		{8E0B17A1-DEDA-40E8-8CAC-5294DB1FBE43}.Debug|Any CPU.Build.0 = Debug|Any CPU
		{8E0B17A1-DEDA-40E8-8CAC-5294DB1FBE43}.Release|Any CPU.ActiveCfg = Release|Any CPU
		{8E0B17A1-DEDA-40E8-8CAC-5294DB1FBE43}.Release|Any CPU.Build.0 = Release|Any CPU
	EndGlobalSection
	GlobalSection(SolutionProperties) = preSolution
		HideSolutionNode = FALSE
	EndGlobalSection
	GlobalSection(ExtensibilityGlobals) = postSolution
		SolutionGuid = {D622CA95-4045-4BE0-A370-0CE46BFC862F}
	EndGlobalSection
EndGlobal
